
Microsoft Visual Studio Solution File, Format Version 12.00
# Visual Studio Version 16
VisualStudioVersion = 16.0.31729.503
MinimumVisualStudioVersion = 10.0.40219.1
Project("{FAE04EC0-301F-11D3-BF4B-00C04F79EFBC}") = "EjemploPartialClass", "EjemploPartialClass\EjemploPartialClass.csproj", "{C6ECABA2-5D92-4A52-A7AF-724447EFA378}"
EndProject
Global
	GlobalSection(SolutionConfigurationPlatforms) = preSolution
		Debug|Any CPU = Debug|Any CPU
		Release|Any CPU = Release|Any CPU
	EndGlobalSection
	GlobalSection(ProjectConfigurationPlatforms) = postSolution
		{C6ECABA2-5D92-4A52-A7AF-724447EFA378}.Debug|Any CPU.ActiveCfg = Debug|Any CPU
		{C6ECABA2-5D92-4A52-A7AF-724447EFA378}.Debug|Any CPU.Build.0 = Debug|Any CPU
		{C6ECABA2-5D92-4A52-A7AF-724447EFA378}.Release|Any CPU.ActiveCfg = Release|Any CPU
		{C6ECABA2-5D92-4A52-A7AF-724447EFA378}.Release|Any CPU.Build.0 = Release|Any CPU
	EndGlobalSection
	GlobalSection(SolutionProperties) = preSolution
		HideSolutionNode = FALSE
	EndGlobalSection
	GlobalSection(ExtensibilityGlobals) = postSolution
		SolutionGuid = {BE698C8C-71CE-420E-84A9-53BCD2FA30C3}
	EndGlobalSection
EndGlobal
